{
    "name": "visualizer",
    "version": "1.0.0",
    "lockfileVersion": 1,
    "requires": true,
    "dependencies": {
        "p5": {
            "version": "1.4.1",
            "resolved": "https://registry.npmjs.org/p5/-/p5-1.4.1.tgz",
            "integrity": "sha512-3/X+qb0bK2Cg8nuZNpZZvzxkeUSRghOf0S+l8c+U8yIkUTVSbbcV0R8y96rx3InVBVhk8cH9kFC93VlZZElqSw=="
        }
    }
}
